{
  "version": 4,
  "terraform_version": "1.9.3",
  "serial": 133,
  "lineage": "bc9fa35c-d612-e056-c64b-75378b29df5c",
  "outputs": {
    "instance_ip_private_addr": {
      "value": "172.31.37.115",
      "type": "string"
    },
    "instance_ip_public_addr": {
      "value": "3.93.22.49",
      "type": "string"
    },
    "server-id": {
      "value": "i-031659bde9d0d4362",
      "type": "string"
    },
    "server-name": {
      "value": "ec2-3-93-22-49.compute-1.amazonaws.com",
      "type": "string"
    }
  },
  "resources": [
    {
      "mode": "managed",
      "type": "aws_instance",
      "name": "nginx-server-aws",
      "provider": "provider[\"registry.terraform.io/hashicorp/aws\"]",
      "instances": [
        {
          "schema_version": 1,
          "attributes": {
            "ami": "ami-0583d8c7a9c35822c",
            "arn": "arn:aws:ec2:us-east-1:851725160993:instance/i-031659bde9d0d4362",
            "associate_public_ip_address": true,
            "availability_zone": "us-east-1b",
            "capacity_reservation_specification": [
              {
                "capacity_reservation_preference": "open",
                "capacity_reservation_target": []
              }
            ],
            "cpu_core_count": 1,
            "cpu_options": [
              {
                "amd_sev_snp": "",
                "core_count": 1,
                "threads_per_core": 1
              }
            ],
            "cpu_threads_per_core": 1,
            "credit_specification": [
              {
                "cpu_credits": "standard"
              }
            ],
            "disable_api_stop": false,
            "disable_api_termination": false,
            "ebs_block_device": [],
            "ebs_optimized": false,
            "enclave_options": [
              {
                "enabled": false
              }
            ],
            "ephemeral_block_device": [],
            "get_password_data": false,
            "hibernation": false,
            "host_id": "",
            "host_resource_group_arn": null,
            "iam_instance_profile": "",
            "id": "i-031659bde9d0d4362",
            "instance_initiated_shutdown_behavior": "stop",
            "instance_lifecycle": "",
            "instance_market_options": [],
            "instance_state": "running",
            "instance_type": "t2.micro",
            "ipv6_address_count": 0,
            "ipv6_addresses": [],
            "key_name": "nginx-server-aws-ssh",
            "launch_template": [],
            "maintenance_options": [
              {
                "auto_recovery": "default"
              }
            ],
            "metadata_options": [
              {
                "http_endpoint": "enabled",
                "http_protocol_ipv6": "disabled",
                "http_put_response_hop_limit": 1,
                "http_tokens": "optional",
                "instance_metadata_tags": "disabled"
              }
            ],
            "monitoring": false,
            "network_interface": [],
            "outpost_arn": "",
            "password_data": "",
            "placement_group": "",
            "placement_partition_number": 0,
            "primary_network_interface_id": "eni-0eaf0c8e5de37de67",
            "private_dns": "ip-172-31-37-115.ec2.internal",
            "private_dns_name_options": [
              {
                "enable_resource_name_dns_a_record": false,
                "enable_resource_name_dns_aaaa_record": false,
                "hostname_type": "ip-name"
              }
            ],
            "private_ip": "172.31.37.115",
            "public_dns": "ec2-3-93-22-49.compute-1.amazonaws.com",
            "public_ip": "3.93.22.49",
            "root_block_device": [
              {
                "delete_on_termination": true,
                "device_name": "/dev/sda1",
                "encrypted": false,
                "iops": 3000,
                "kms_key_id": "",
                "tags": {},
                "tags_all": {},
                "throughput": 125,
                "volume_id": "vol-0369b4f4aaf7d94c6",
                "volume_size": 10,
                "volume_type": "gp3"
              }
            ],
            "secondary_private_ips": [],
            "security_groups": [
              "nginx-server-aws-sg"
            ],
            "source_dest_check": true,
            "spot_instance_request_id": "",
            "subnet_id": "subnet-0ed2bb7eb2ed8f1e5",
            "tags": {
              "Enviroment": "test",
              "Name": "EC2-nginx-server-aws",
              "Owner": "edinson.rodriguez@wom.co",
              "Project": "Laboratorio",
              "Team": "DevOps"
            },
            "tags_all": {
              "Enviroment": "test",
              "Name": "EC2-nginx-server-aws",
              "Owner": "edinson.rodriguez@wom.co",
              "Project": "Laboratorio",
              "Team": "DevOps"
            },
            "tenancy": "default",
            "timeouts": null,
            "user_data": "48124f4e2560dd3b9957bd7ab5e6a8f80c7ea81a",
            "user_data_base64": null,
            "user_data_replace_on_change": false,
            "volume_tags": null,
            "vpc_security_group_ids": [
              "sg-0295d273b7d06c382"
            ]
          },
          "sensitive_attributes": [],
          "private": "eyJlMmJmYjczMC1lY2FhLTExZTYtOGY4OC0zNDM2M2JjN2M0YzAiOnsiY3JlYXRlIjo2MDAwMDAwMDAwMDAsImRlbGV0ZSI6MTIwMDAwMDAwMDAwMCwicmVhZCI6OTAwMDAwMDAwMDAwLCJ1cGRhdGUiOjYwMDAwMDAwMDAwMH0sInNjaGVtYV92ZXJzaW9uIjoiMSJ9",
          "dependencies": [
            "aws_key_pair.nginx-server-aws-ssh",
            "aws_security_group.nginx-server-aws-sg"
          ]
        }
      ]
    },
    {
      "mode": "managed",
      "type": "aws_key_pair",
      "name": "nginx-server-aws-ssh",
      "provider": "provider[\"registry.terraform.io/hashicorp/aws\"]",
      "instances": [
        {
          "schema_version": 1,
          "attributes": {
            "arn": "arn:aws:ec2:us-east-1:851725160993:key-pair/nginx-server-aws-ssh",
            "fingerprint": "34:ca:78:85:91:1d:08:ef:f1:82:47:9d:d2:0e:37:8c",
            "id": "nginx-server-aws-ssh",
            "key_name": "nginx-server-aws-ssh",
            "key_name_prefix": "",
            "key_pair_id": "key-05a49400988580459",
            "key_type": "rsa",
            "public_key": "ssh-rsa AAAAB3NzaC1yc2EAAAADAQABAAABAQCjeecSRdISObpVi4BPQQwplj0xcEvuB4EsCXBBTPnI9SFWMBdIcpbjFJgTcDwG58zEUjN0Ny1bLyXXy52Lga6oUvIsuUO+l35tYi6ZuZVUHWc0zdDDHnfizQ1IFbwn9UL0T/l3BLFAkupjl05LZPueoFANzzg7FwXocUiAYiGSpYTJQQg9O5cTjgK1D1IeKRZifksz3hvtf1+p9IHc/Lq5+EjUVZQSz5Iq4J0tNsky0wfGXKQKpZdTmaTtcYsRNbHcTvzvj+lto+35ksudjqN1LGp4BbPmJMeqhaFqeZoQbpin0eVnR6EAov4bsXa+GLRJD+3t/qUA/2RD1J7HSnP7 root@proxy-server01",
            "tags": {
              "Enviroment": "test",
              "Name": "nginx-server-aws-ssh",
              "Owner": "edinson.rodriguez@wom.co",
              "Project": "Laboratorio",
              "Team": "DevOps"
            },
            "tags_all": {
              "Enviroment": "test",
              "Name": "nginx-server-aws-ssh",
              "Owner": "edinson.rodriguez@wom.co",
              "Project": "Laboratorio",
              "Team": "DevOps"
            }
          },
          "sensitive_attributes": [],
          "private": "eyJzY2hlbWFfdmVyc2lvbiI6IjEifQ=="
        }
      ]
    },
    {
      "mode": "managed",
      "type": "aws_security_group",
      "name": "nginx-server-aws-sg",
      "provider": "provider[\"registry.terraform.io/hashicorp/aws\"]",
      "instances": [
        {
          "schema_version": 1,
          "attributes": {
            "arn": "arn:aws:ec2:us-east-1:851725160993:security-group/sg-0295d273b7d06c382",
            "description": "Security group allowing SSH and HTTP access",
            "egress": [
              {
                "cidr_blocks": [
                  "0.0.0.0/0"
                ],
                "description": "",
                "from_port": 0,
                "ipv6_cidr_blocks": [],
                "prefix_list_ids": [],
                "protocol": "-1",
                "security_groups": [],
                "self": false,
                "to_port": 0
              }
            ],
            "id": "sg-0295d273b7d06c382",
            "ingress": [
              {
                "cidr_blocks": [
                  "0.0.0.0/0"
                ],
                "description": "",
                "from_port": 22,
                "ipv6_cidr_blocks": [],
                "prefix_list_ids": [],
                "protocol": "tcp",
                "security_groups": [],
                "self": false,
                "to_port": 22
              },
              {
                "cidr_blocks": [
                  "0.0.0.0/0"
                ],
                "description": "",
                "from_port": 80,
                "ipv6_cidr_blocks": [],
                "prefix_list_ids": [],
                "protocol": "tcp",
                "security_groups": [],
                "self": false,
                "to_port": 80
              }
            ],
            "name": "nginx-server-aws-sg",
            "name_prefix": "",
            "owner_id": "851725160993",
            "revoke_rules_on_delete": false,
            "tags": {
              "Enviroment": "test",
              "Name": "nginx-server-aws-sg",
              "Owner": "edinson.rodriguez@wom.co",
              "Project": "Laboratorio",
              "Team": "DevOps"
            },
            "tags_all": {
              "Enviroment": "test",
              "Name": "nginx-server-aws-sg",
              "Owner": "edinson.rodriguez@wom.co",
              "Project": "Laboratorio",
              "Team": "DevOps"
            },
            "timeouts": null,
            "vpc_id": "vpc-082f5cb9bcef55423"
          },
          "sensitive_attributes": [],
          "private": "eyJlMmJmYjczMC1lY2FhLTExZTYtOGY4OC0zNDM2M2JjN2M0YzAiOnsiY3JlYXRlIjo2MDAwMDAwMDAwMDAsImRlbGV0ZSI6OTAwMDAwMDAwMDAwfSwic2NoZW1hX3ZlcnNpb24iOiIxIn0="
        }
      ]
    },
    {
      "module": "module.terraform-sg",
      "mode": "managed",
      "type": "aws_security_group",
      "name": "this_name_prefix",
      "provider": "provider[\"registry.terraform.io/hashicorp/aws\"]",
      "instances": [
        {
          "index_key": 0,
          "schema_version": 1,
          "attributes": {
            "arn": "arn:aws:ec2:us-east-1:851725160993:security-group/sg-08837a08416ec5834",
            "description": "SG para habilitar HTTP",
            "egress": [],
            "id": "sg-08837a08416ec5834",
            "ingress": [],
            "name": "http rule-20240726031246029500000003",
            "name_prefix": "http rule-",
            "owner_id": "851725160993",
            "revoke_rules_on_delete": false,
            "tags": {
              "Name": "http rule"
            },
            "tags_all": {
              "Name": "http rule"
            },
            "timeouts": {
              "create": "10m",
              "delete": "15m"
            },
            "vpc_id": "vpc-0c7ecbe6c17bbc069"
          },
          "sensitive_attributes": [],
          "private": "eyJlMmJmYjczMC1lY2FhLTExZTYtOGY4OC0zNDM2M2JjN2M0YzAiOnsiY3JlYXRlIjo2MDAwMDAwMDAwMDAsImRlbGV0ZSI6OTAwMDAwMDAwMDAwfSwic2NoZW1hX3ZlcnNpb24iOiIxIn0=",
          "dependencies": [
            "module.vpc.aws_vpc.this"
          ],
          "create_before_destroy": true
        }
      ]
    },
    {
      "module": "module.terraform-sg",
      "mode": "managed",
      "type": "aws_security_group_rule",
      "name": "egress_rules",
      "provider": "provider[\"registry.terraform.io/hashicorp/aws\"]",
      "instances": [
        {
          "index_key": 0,
          "schema_version": 2,
          "attributes": {
            "cidr_blocks": [
              "0.0.0.0/0"
            ],
            "description": "HTTPS",
            "from_port": 443,
            "id": "sgrule-2813216485",
            "ipv6_cidr_blocks": [
              "::/0"
            ],
            "prefix_list_ids": [],
            "protocol": "tcp",
            "security_group_id": "sg-08837a08416ec5834",
            "security_group_rule_id": "",
            "self": false,
            "source_security_group_id": null,
            "timeouts": null,
            "to_port": 443,
            "type": "egress"
          },
          "sensitive_attributes": [],
          "private": "eyJlMmJmYjczMC1lY2FhLTExZTYtOGY4OC0zNDM2M2JjN2M0YzAiOnsiY3JlYXRlIjozMDAwMDAwMDAwMDB9LCJzY2hlbWFfdmVyc2lvbiI6IjIifQ==",
          "dependencies": [
            "module.terraform-sg.aws_security_group.this",
            "module.terraform-sg.aws_security_group.this_name_prefix",
            "module.vpc.aws_vpc.this"
          ]
        }
      ]
    },
    {
      "module": "module.terraform-sg",
      "mode": "managed",
      "type": "aws_security_group_rule",
      "name": "ingress_rules",
      "provider": "provider[\"registry.terraform.io/hashicorp/aws\"]",
      "instances": [
        {
          "index_key": 0,
          "schema_version": 2,
          "attributes": {
            "cidr_blocks": [
              "0.0.0.0/0"
            ],
            "description": "HTTPS",
            "from_port": 443,
            "id": "sgrule-1175066351",
            "ipv6_cidr_blocks": [],
            "prefix_list_ids": [],
            "protocol": "tcp",
            "security_group_id": "sg-08837a08416ec5834",
            "security_group_rule_id": "sgr-017c91bad81d052de",
            "self": false,
            "source_security_group_id": null,
            "timeouts": null,
            "to_port": 443,
            "type": "ingress"
          },
          "sensitive_attributes": [],
          "private": "eyJlMmJmYjczMC1lY2FhLTExZTYtOGY4OC0zNDM2M2JjN2M0YzAiOnsiY3JlYXRlIjozMDAwMDAwMDAwMDB9LCJzY2hlbWFfdmVyc2lvbiI6IjIifQ==",
          "dependencies": [
            "module.terraform-sg.aws_security_group.this",
            "module.terraform-sg.aws_security_group.this_name_prefix",
            "module.vpc.aws_vpc.this"
          ]
        }
      ]
    },
    {
      "module": "module.vpc",
      "mode": "managed",
      "type": "aws_default_network_acl",
      "name": "this",
      "provider": "provider[\"registry.terraform.io/hashicorp/aws\"]",
      "instances": [
        {
          "index_key": 0,
          "schema_version": 0,
          "attributes": {
            "arn": "arn:aws:ec2:us-east-1:851725160993:network-acl/acl-08369d1e2196c6111",
            "default_network_acl_id": "acl-08369d1e2196c6111",
            "egress": [
              {
                "action": "allow",
                "cidr_block": "",
                "from_port": 0,
                "icmp_code": null,
                "icmp_type": null,
                "ipv6_cidr_block": "::/0",
                "protocol": "-1",
                "rule_no": 101,
                "to_port": 0
              },
              {
                "action": "allow",
                "cidr_block": "0.0.0.0/0",
                "from_port": 0,
                "icmp_code": null,
                "icmp_type": null,
                "ipv6_cidr_block": "",
                "protocol": "-1",
                "rule_no": 100,
                "to_port": 0
              }
            ],
            "id": "acl-08369d1e2196c6111",
            "ingress": [
              {
                "action": "allow",
                "cidr_block": "",
                "from_port": 0,
                "icmp_code": null,
                "icmp_type": null,
                "ipv6_cidr_block": "::/0",
                "protocol": "-1",
                "rule_no": 101,
                "to_port": 0
              },
              {
                "action": "allow",
                "cidr_block": "0.0.0.0/0",
                "from_port": 0,
                "icmp_code": null,
                "icmp_type": null,
                "ipv6_cidr_block": "",
                "protocol": "-1",
                "rule_no": 100,
                "to_port": 0
              }
            ],
            "owner_id": "851725160993",
            "subnet_ids": [
              "subnet-09e7163dc8126c815",
              "subnet-0f6765e9931b81d03"
            ],
            "tags": {
              "Name": "darkmumin-terraform-vpc-default",
              "Terraform": "verdadero",
              "enviroment": "desarrollo"
            },
            "tags_all": {
              "Name": "darkmumin-terraform-vpc-default",
              "Terraform": "verdadero",
              "enviroment": "desarrollo"
            },
            "vpc_id": "vpc-0c7ecbe6c17bbc069"
          },
          "sensitive_attributes": [],
          "private": "bnVsbA==",
          "dependencies": [
            "module.vpc.aws_vpc.this"
          ]
        }
      ]
    },
    {
      "module": "module.vpc",
      "mode": "managed",
      "type": "aws_default_route_table",
      "name": "default",
      "provider": "provider[\"registry.terraform.io/hashicorp/aws\"]",
      "instances": [
        {
          "index_key": 0,
          "schema_version": 0,
          "attributes": {
            "arn": "arn:aws:ec2:us-east-1:851725160993:route-table/rtb-09bee172a0098e52c",
            "default_route_table_id": "rtb-09bee172a0098e52c",
            "id": "rtb-09bee172a0098e52c",
            "owner_id": "851725160993",
            "propagating_vgws": null,
            "route": [],
            "tags": {
              "Name": "darkmumin-terraform-vpc-default",
              "Terraform": "verdadero",
              "enviroment": "desarrollo"
            },
            "tags_all": {
              "Name": "darkmumin-terraform-vpc-default",
              "Terraform": "verdadero",
              "enviroment": "desarrollo"
            },
            "timeouts": {
              "create": "5m",
              "update": "5m"
            },
            "vpc_id": "vpc-0c7ecbe6c17bbc069"
          },
          "sensitive_attributes": [],
          "private": "eyJlMmJmYjczMC1lY2FhLTExZTYtOGY4OC0zNDM2M2JjN2M0YzAiOnsiY3JlYXRlIjozMDAwMDAwMDAwMDAsInVwZGF0ZSI6MzAwMDAwMDAwMDAwfX0=",
          "dependencies": [
            "module.vpc.aws_vpc.this"
          ]
        }
      ]
    },
    {
      "module": "module.vpc",
      "mode": "managed",
      "type": "aws_default_security_group",
      "name": "this",
      "provider": "provider[\"registry.terraform.io/hashicorp/aws\"]",
      "instances": [
        {
          "index_key": 0,
          "schema_version": 1,
          "attributes": {
            "arn": "arn:aws:ec2:us-east-1:851725160993:security-group/sg-0b9fd1e5e1b8bc19e",
            "description": "default VPC security group",
            "egress": [],
            "id": "sg-0b9fd1e5e1b8bc19e",
            "ingress": [],
            "name": "default",
            "name_prefix": "",
            "owner_id": "851725160993",
            "revoke_rules_on_delete": false,
            "tags": {
              "Name": "darkmumin-terraform-vpc-default",
              "Terraform": "verdadero",
              "enviroment": "desarrollo"
            },
            "tags_all": {
              "Name": "darkmumin-terraform-vpc-default",
              "Terraform": "verdadero",
              "enviroment": "desarrollo"
            },
            "vpc_id": "vpc-0c7ecbe6c17bbc069"
          },
          "sensitive_attributes": [],
          "private": "eyJzY2hlbWFfdmVyc2lvbiI6IjEifQ==",
          "dependencies": [
            "module.vpc.aws_vpc.this"
          ]
        }
      ]
    },
    {
      "module": "module.vpc",
      "mode": "managed",
      "type": "aws_internet_gateway",
      "name": "this",
      "provider": "provider[\"registry.terraform.io/hashicorp/aws\"]",
      "instances": [
        {
          "index_key": 0,
          "schema_version": 0,
          "attributes": {
            "arn": "arn:aws:ec2:us-east-1:851725160993:internet-gateway/igw-01cee7a5206eaa140",
            "id": "igw-01cee7a5206eaa140",
            "owner_id": "851725160993",
            "tags": {
              "Name": "darkmumin-terraform-vpc",
              "Terraform": "verdadero",
              "enviroment": "desarrollo"
            },
            "tags_all": {
              "Name": "darkmumin-terraform-vpc",
              "Terraform": "verdadero",
              "enviroment": "desarrollo"
            },
            "timeouts": null,
            "vpc_id": "vpc-0c7ecbe6c17bbc069"
          },
          "sensitive_attributes": [],
          "private": "eyJlMmJmYjczMC1lY2FhLTExZTYtOGY4OC0zNDM2M2JjN2M0YzAiOnsiY3JlYXRlIjoxMjAwMDAwMDAwMDAwLCJkZWxldGUiOjEyMDAwMDAwMDAwMDAsInVwZGF0ZSI6MTIwMDAwMDAwMDAwMH19",
          "dependencies": [
            "module.vpc.aws_vpc.this",
            "module.vpc.aws_vpc_ipv4_cidr_block_association.this"
          ]
        }
      ]
    },
    {
      "module": "module.vpc",
      "mode": "managed",
      "type": "aws_route",
      "name": "public_internet_gateway",
      "provider": "provider[\"registry.terraform.io/hashicorp/aws\"]",
      "instances": [
        {
          "index_key": 0,
          "schema_version": 0,
          "attributes": {
            "carrier_gateway_id": "",
            "core_network_arn": "",
            "destination_cidr_block": "0.0.0.0/0",
            "destination_ipv6_cidr_block": "",
            "destination_prefix_list_id": "",
            "egress_only_gateway_id": "",
            "gateway_id": "igw-01cee7a5206eaa140",
            "id": "r-rtb-050cfbc5f022c05e81080289494",
            "instance_id": "",
            "instance_owner_id": "",
            "local_gateway_id": "",
            "nat_gateway_id": "",
            "network_interface_id": "",
            "origin": "CreateRoute",
            "route_table_id": "rtb-050cfbc5f022c05e8",
            "state": "active",
            "timeouts": {
              "create": "5m",
              "delete": null,
              "update": null
            },
            "transit_gateway_id": "",
            "vpc_endpoint_id": "",
            "vpc_peering_connection_id": ""
          },
          "sensitive_attributes": [],
          "private": "eyJlMmJmYjczMC1lY2FhLTExZTYtOGY4OC0zNDM2M2JjN2M0YzAiOnsiY3JlYXRlIjozMDAwMDAwMDAwMDAsImRlbGV0ZSI6MzAwMDAwMDAwMDAwLCJ1cGRhdGUiOjEyMDAwMDAwMDAwMH19",
          "dependencies": [
            "module.vpc.aws_internet_gateway.this",
            "module.vpc.aws_route_table.public",
            "module.vpc.aws_vpc.this",
            "module.vpc.aws_vpc_ipv4_cidr_block_association.this"
          ]
        }
      ]
    },
    {
      "module": "module.vpc",
      "mode": "managed",
      "type": "aws_route_table",
      "name": "public",
      "provider": "provider[\"registry.terraform.io/hashicorp/aws\"]",
      "instances": [
        {
          "index_key": 0,
          "schema_version": 0,
          "attributes": {
            "arn": "arn:aws:ec2:us-east-1:851725160993:route-table/rtb-050cfbc5f022c05e8",
            "id": "rtb-050cfbc5f022c05e8",
            "owner_id": "851725160993",
            "propagating_vgws": [],
            "route": [],
            "tags": {
              "Name": "darkmumin-terraform-vpc-public",
              "Terraform": "verdadero",
              "enviroment": "desarrollo"
            },
            "tags_all": {
              "Name": "darkmumin-terraform-vpc-public",
              "Terraform": "verdadero",
              "enviroment": "desarrollo"
            },
            "timeouts": null,
            "vpc_id": "vpc-0c7ecbe6c17bbc069"
          },
          "sensitive_attributes": [],
          "private": "eyJlMmJmYjczMC1lY2FhLTExZTYtOGY4OC0zNDM2M2JjN2M0YzAiOnsiY3JlYXRlIjozMDAwMDAwMDAwMDAsImRlbGV0ZSI6MzAwMDAwMDAwMDAwLCJ1cGRhdGUiOjEyMDAwMDAwMDAwMH19",
          "dependencies": [
            "module.vpc.aws_vpc.this",
            "module.vpc.aws_vpc_ipv4_cidr_block_association.this"
          ]
        }
      ]
    },
    {
      "module": "module.vpc",
      "mode": "managed",
      "type": "aws_route_table_association",
      "name": "public",
      "provider": "provider[\"registry.terraform.io/hashicorp/aws\"]",
      "instances": [
        {
          "index_key": 0,
          "schema_version": 0,
          "attributes": {
            "gateway_id": "",
            "id": "rtbassoc-0364ecc0cf3d9f313",
            "route_table_id": "rtb-050cfbc5f022c05e8",
            "subnet_id": "subnet-09e7163dc8126c815",
            "timeouts": null
          },
          "sensitive_attributes": [],
          "private": "eyJlMmJmYjczMC1lY2FhLTExZTYtOGY4OC0zNDM2M2JjN2M0YzAiOnsiY3JlYXRlIjozMDAwMDAwMDAwMDAsImRlbGV0ZSI6MzAwMDAwMDAwMDAwLCJ1cGRhdGUiOjEyMDAwMDAwMDAwMH19",
          "dependencies": [
            "module.vpc.aws_route_table.public",
            "module.vpc.aws_subnet.public",
            "module.vpc.aws_vpc.this",
            "module.vpc.aws_vpc_ipv4_cidr_block_association.this"
          ]
        },
        {
          "index_key": 1,
          "schema_version": 0,
          "attributes": {
            "gateway_id": "",
            "id": "rtbassoc-07f22dffc544c7fd6",
            "route_table_id": "rtb-050cfbc5f022c05e8",
            "subnet_id": "subnet-0f6765e9931b81d03",
            "timeouts": null
          },
          "sensitive_attributes": [],
          "private": "eyJlMmJmYjczMC1lY2FhLTExZTYtOGY4OC0zNDM2M2JjN2M0YzAiOnsiY3JlYXRlIjozMDAwMDAwMDAwMDAsImRlbGV0ZSI6MzAwMDAwMDAwMDAwLCJ1cGRhdGUiOjEyMDAwMDAwMDAwMH19",
          "dependencies": [
            "module.vpc.aws_route_table.public",
            "module.vpc.aws_subnet.public",
            "module.vpc.aws_vpc.this",
            "module.vpc.aws_vpc_ipv4_cidr_block_association.this"
          ]
        }
      ]
    },
    {
      "module": "module.vpc",
      "mode": "managed",
      "type": "aws_subnet",
      "name": "public",
      "provider": "provider[\"registry.terraform.io/hashicorp/aws\"]",
      "instances": [
        {
          "index_key": 0,
          "schema_version": 1,
          "attributes": {
            "arn": "arn:aws:ec2:us-east-1:851725160993:subnet/subnet-09e7163dc8126c815",
            "assign_ipv6_address_on_creation": false,
            "availability_zone": "us-east-1a",
            "availability_zone_id": "use1-az4",
            "cidr_block": "10.0.101.0/24",
            "customer_owned_ipv4_pool": "",
            "enable_dns64": false,
            "enable_lni_at_device_index": 0,
            "enable_resource_name_dns_a_record_on_launch": false,
            "enable_resource_name_dns_aaaa_record_on_launch": false,
            "id": "subnet-09e7163dc8126c815",
            "ipv6_cidr_block": "",
            "ipv6_cidr_block_association_id": "",
            "ipv6_native": false,
            "map_customer_owned_ip_on_launch": false,
            "map_public_ip_on_launch": false,
            "outpost_arn": "",
            "owner_id": "851725160993",
            "private_dns_hostname_type_on_launch": "ip-name",
            "tags": {
              "Name": "darkmumin-terraform-vpc-public-us-east-1a",
              "Terraform": "verdadero",
              "enviroment": "desarrollo"
            },
            "tags_all": {
              "Name": "darkmumin-terraform-vpc-public-us-east-1a",
              "Terraform": "verdadero",
              "enviroment": "desarrollo"
            },
            "timeouts": null,
            "vpc_id": "vpc-0c7ecbe6c17bbc069"
          },
          "sensitive_attributes": [],
          "private": "eyJlMmJmYjczMC1lY2FhLTExZTYtOGY4OC0zNDM2M2JjN2M0YzAiOnsiY3JlYXRlIjo2MDAwMDAwMDAwMDAsImRlbGV0ZSI6MTIwMDAwMDAwMDAwMH0sInNjaGVtYV92ZXJzaW9uIjoiMSJ9",
          "dependencies": [
            "module.vpc.aws_vpc.this",
            "module.vpc.aws_vpc_ipv4_cidr_block_association.this"
          ]
        },
        {
          "index_key": 1,
          "schema_version": 1,
          "attributes": {
            "arn": "arn:aws:ec2:us-east-1:851725160993:subnet/subnet-0f6765e9931b81d03",
            "assign_ipv6_address_on_creation": false,
            "availability_zone": "us-east-1b",
            "availability_zone_id": "use1-az6",
            "cidr_block": "10.0.102.0/24",
            "customer_owned_ipv4_pool": "",
            "enable_dns64": false,
            "enable_lni_at_device_index": 0,
            "enable_resource_name_dns_a_record_on_launch": false,
            "enable_resource_name_dns_aaaa_record_on_launch": false,
            "id": "subnet-0f6765e9931b81d03",
            "ipv6_cidr_block": "",
            "ipv6_cidr_block_association_id": "",
            "ipv6_native": false,
            "map_customer_owned_ip_on_launch": false,
            "map_public_ip_on_launch": false,
            "outpost_arn": "",
            "owner_id": "851725160993",
            "private_dns_hostname_type_on_launch": "ip-name",
            "tags": {
              "Name": "darkmumin-terraform-vpc-public-us-east-1b",
              "Terraform": "verdadero",
              "enviroment": "desarrollo"
            },
            "tags_all": {
              "Name": "darkmumin-terraform-vpc-public-us-east-1b",
              "Terraform": "verdadero",
              "enviroment": "desarrollo"
            },
            "timeouts": null,
            "vpc_id": "vpc-0c7ecbe6c17bbc069"
          },
          "sensitive_attributes": [],
          "private": "eyJlMmJmYjczMC1lY2FhLTExZTYtOGY4OC0zNDM2M2JjN2M0YzAiOnsiY3JlYXRlIjo2MDAwMDAwMDAwMDAsImRlbGV0ZSI6MTIwMDAwMDAwMDAwMH0sInNjaGVtYV92ZXJzaW9uIjoiMSJ9",
          "dependencies": [
            "module.vpc.aws_vpc.this",
            "module.vpc.aws_vpc_ipv4_cidr_block_association.this"
          ]
        }
      ]
    },
    {
      "module": "module.vpc",
      "mode": "managed",
      "type": "aws_vpc",
      "name": "this",
      "provider": "provider[\"registry.terraform.io/hashicorp/aws\"]",
      "instances": [
        {
          "index_key": 0,
          "schema_version": 1,
          "attributes": {
            "arn": "arn:aws:ec2:us-east-1:851725160993:vpc/vpc-0c7ecbe6c17bbc069",
            "assign_generated_ipv6_cidr_block": false,
            "cidr_block": "10.0.0.0/16",
            "default_network_acl_id": "acl-08369d1e2196c6111",
            "default_route_table_id": "rtb-09bee172a0098e52c",
            "default_security_group_id": "sg-0b9fd1e5e1b8bc19e",
            "dhcp_options_id": "dopt-08f67560532571865",
            "enable_dns_hostnames": true,
            "enable_dns_support": true,
            "enable_network_address_usage_metrics": false,
            "id": "vpc-0c7ecbe6c17bbc069",
            "instance_tenancy": "default",
            "ipv4_ipam_pool_id": null,
            "ipv4_netmask_length": null,
            "ipv6_association_id": "",
            "ipv6_cidr_block": "",
            "ipv6_cidr_block_network_border_group": "",
            "ipv6_ipam_pool_id": "",
            "ipv6_netmask_length": 0,
            "main_route_table_id": "rtb-09bee172a0098e52c",
            "owner_id": "851725160993",
            "tags": {
              "Name": "darkmumin-terraform-vpc",
              "Terraform": "verdadero",
              "enviroment": "desarrollo"
            },
            "tags_all": {
              "Name": "darkmumin-terraform-vpc",
              "Terraform": "verdadero",
              "enviroment": "desarrollo"
            }
          },
          "sensitive_attributes": [],
          "private": "eyJzY2hlbWFfdmVyc2lvbiI6IjEifQ==",
          "create_before_destroy": true
        }
      ]
    },
    {
      "module": "module.vpc",
      "mode": "managed",
      "type": "aws_vpn_gateway",
      "name": "this",
      "provider": "provider[\"registry.terraform.io/hashicorp/aws\"]",
      "instances": [
        {
          "index_key": 0,
          "schema_version": 0,
          "attributes": {
            "amazon_side_asn": "64512",
            "arn": "arn:aws:ec2:us-east-1:851725160993:vpn-gateway/vgw-0ae18eca74fe44adb",
            "availability_zone": null,
            "id": "vgw-0ae18eca74fe44adb",
            "tags": {
              "Name": "darkmumin-terraform-vpc",
              "Terraform": "verdadero",
              "enviroment": "desarrollo"
            },
            "tags_all": {
              "Name": "darkmumin-terraform-vpc",
              "Terraform": "verdadero",
              "enviroment": "desarrollo"
            },
            "vpc_id": "vpc-0c7ecbe6c17bbc069"
          },
          "sensitive_attributes": [],
          "private": "bnVsbA==",
          "dependencies": [
            "module.vpc.aws_vpc.this",
            "module.vpc.aws_vpc_ipv4_cidr_block_association.this"
          ]
        }
      ]
    }
  ],
  "check_results": null
}
